<Solution>
  <Project Path="DevToolkit.Background/DevToolkit.Background.csproj" Id="3b35189d-cbbf-4728-b250-46929651ecbd" />
  <Project Path="DevToolkit.BasicUI/DevToolkit.BasicUI.csproj" Id="f8c318bc-5078-4854-8c9b-aa537cb3a95b" />
  <Project Path="DevToolkit.Core/DevToolkit.Core.csproj" Id="dd97c423-c180-43bd-97c0-8723e8320d4d" />
  <Project Path="DevToolkit.Data/DevToolkit.Data.csproj" Id="9f9a2e0a-fd76-43d3-8ca5-5e2cde6384b0" />
  <Project Path="DevToolkit.Generator/DevToolkit.Generator.csproj" Id="5d5f3351-858b-4dc3-81c8-8de38739ab27" />
  <Project Path="DevToolKit.Infrastructure/DevToolKit.Infrastructure.csproj" Id="a5bb0de4-98c2-413a-8631-510bf1f6c6b7" />
  <Project Path="DevToolkit.Logging/DevToolkit.Logging.csproj" Id="94b03ce3-211f-4ba2-b466-1b7118373857" />
  <Project Path="DevToolkit.Reporting/DevToolkit.Reporting.csproj" Id="16e03a08-cd21-437c-b5a9-4a72befb477e" />
  <Project Path="DevToolKit.Security/DevToolKit.Security.csproj" Id="13a91522-9114-4fac-b038-2479cf3fef96" />
  <Project Path="DevToolkit.UI/DevToolkit.UI.csproj" Id="6ed95c9f-b9e1-416e-adf1-088c45b586e3" />
</Solution>
