<Solution>
  <Project Path="DevToolkit.BaseWinForms/DevToolkit.BaseWinForms.csproj" Id="71a65784-4420-4073-ad8c-125927997dda" />
  <Project Path="DevToolkit.BaseWPF/DevToolkit.BaseWPF.csproj" Id="496ef20b-d414-4a24-b805-57f9fe581680" />
  <Project Path="DevToolkit.Core/DevToolkit.Core.csproj" Id="dd97c423-c180-43bd-97c0-8723e8320d4d" />
  <Project Path="DevToolkit.Data/DevToolkit.Data.csproj" Id="9f9a2e0a-fd76-43d3-8ca5-5e2cde6384b0" />
  <Project Path="DevToolKit.Infrastructure/DevToolKit.Infrastructure.csproj" Id="118592fb-06de-4543-86a9-295fb6ee3e7e" />
  <Project Path="DevToolkit.Logging/DevToolkit.Logging.csproj" Id="94b03ce3-211f-4ba2-b466-1b7118373857" />
  <Project Path="DevToolkit.Security/DevToolkit.Security.csproj" Id="0829e443-978e-4584-b8d9-6d92350b9d55" />
</Solution>
